// !$*UTF8*$!
{
	archiveVersion = 1;
	classes = {
	};
	objectVersion = 50;
	objects = {

/* Begin PBXBuildFile section */
		C9F21DF025D8F5BF00E8A8D3 /* AppDelegate.swift in Sources */ = {isa = PBXBuildFile; fileRef = C9F21DEF25D8F5BF00E8A8D3 /* AppDelegate.swift */; };
		C9F21DF225D8F5BF00E8A8D3 /* SceneDelegate.swift in Sources */ = {isa = PBXBuildFile; fileRef = C9F21DF125D8F5BF00E8A8D3 /* SceneDelegate.swift */; };
		C9F21DF425D8F5BF00E8A8D3 /* ViewController.swift in Sources */ = {isa = PBXBuildFile; fileRef = C9F21DF325D8F5BF00E8A8D3 /* ViewController.swift */; };
		C9F21DF725D8F5BF00E8A8D3 /* Main.storyboard in Resources */ = {isa = PBXBuildFile; fileRef = C9F21DF525D8F5BF00E8A8D3 /* Main.storyboard */; };
		C9F21DF925D8F5C200E8A8D3 /* Assets.xcassets in Resources */ = {isa = PBXBuildFile; fileRef = C9F21DF825D8F5C200E8A8D3 /* Assets.xcassets */; };
		C9F21DFC25D8F5C200E8A8D3 /* LaunchScreen.storyboard in Resources */ = {isa = PBXBuildFile; fileRef = C9F21DFA25D8F5C200E8A8D3 /* LaunchScreen.storyboard */; };
		C9F21E0725D8F5C200E8A8D3 /* r5xTests.swift in Sources */ = {isa = PBXBuildFile; fileRef = C9F21E0625D8F5C200E8A8D3 /* r5xTests.swift */; };
		C9F21E1225D8F5C200E8A8D3 /* r5xUITests.swift in Sources */ = {isa = PBXBuildFile; fileRef = C9F21E1125D8F5C200E8A8D3 /* r5xUITests.swift */; };
		C9F21E2525D8F8F200E8A8D3 /* r5x.swift in Sources */ = {isa = PBXBuildFile; fileRef = C9F21E2425D8F8F200E8A8D3 /* r5x.swift */; };
		C9F21E3225D8FA5E00E8A8D3 /* With.swift in Sources */ = {isa = PBXBuildFile; fileRef = C9F21E3125D8FA5E00E8A8D3 /* With.swift */; };
		C9F21E4525D8FCFC00E8A8D3 /* r5x+UIKit.swift in Sources */ = {isa = PBXBuildFile; fileRef = C9F21E4425D8FCFC00E8A8D3 /* r5x+UIKit.swift */; };
		C9F21E4D25D900BA00E8A8D3 /* UIView+Extensions.swift in Sources */ = {isa = PBXBuildFile; fileRef = C9F21E4C25D900BA00E8A8D3 /* UIView+Extensions.swift */; };
/* End PBXBuildFile section */

/* Begin PBXContainerItemProxy section */
		C9F21E0325D8F5C200E8A8D3 /* PBXContainerItemProxy */ = {
			isa = PBXContainerItemProxy;
			containerPortal = C9F21DE425D8F5BF00E8A8D3 /* Project object */;
			proxyType = 1;
			remoteGlobalIDString = C9F21DEB25D8F5BF00E8A8D3;
			remoteInfo = r5x;
		};
		C9F21E0E25D8F5C200E8A8D3 /* PBXContainerItemProxy */ = {
			isa = PBXContainerItemProxy;
			containerPortal = C9F21DE425D8F5BF00E8A8D3 /* Project object */;
			proxyType = 1;
			remoteGlobalIDString = C9F21DEB25D8F5BF00E8A8D3;
			remoteInfo = r5x;
		};
/* End PBXContainerItemProxy section */

/* Begin PBXFileReference section */
		C9F21DEC25D8F5BF00E8A8D3 /* r5x.app */ = {isa = PBXFileReference; explicitFileType = wrapper.application; includeInIndex = 0; path = r5x.app; sourceTree = BUILT_PRODUCTS_DIR; };
		C9F21DEF25D8F5BF00E8A8D3 /* AppDelegate.swift */ = {isa = PBXFileReference; lastKnownFileType = sourcecode.swift; path = AppDelegate.swift; sourceTree = "<group>"; };
		C9F21DF125D8F5BF00E8A8D3 /* SceneDelegate.swift */ = {isa = PBXFileReference; lastKnownFileType = sourcecode.swift; path = SceneDelegate.swift; sourceTree = "<group>"; };
		C9F21DF325D8F5BF00E8A8D3 /* ViewController.swift */ = {isa = PBXFileReference; lastKnownFileType = sourcecode.swift; path = ViewController.swift; sourceTree = "<group>"; };
		C9F21DF625D8F5BF00E8A8D3 /* Base */ = {isa = PBXFileReference; lastKnownFileType = file.storyboard; name = Base; path = Base.lproj/Main.storyboard; sourceTree = "<group>"; };
		C9F21DF825D8F5C200E8A8D3 /* Assets.xcassets */ = {isa = PBXFileReference; lastKnownFileType = folder.assetcatalog; path = Assets.xcassets; sourceTree = "<group>"; };
		C9F21DFB25D8F5C200E8A8D3 /* Base */ = {isa = PBXFileReference; lastKnownFileType = file.storyboard; name = Base; path = Base.lproj/LaunchScreen.storyboard; sourceTree = "<group>"; };
		C9F21DFD25D8F5C200E8A8D3 /* Info.plist */ = {isa = PBXFileReference; lastKnownFileType = text.plist.xml; path = Info.plist; sourceTree = "<group>"; };
		C9F21E0225D8F5C200E8A8D3 /* r5xTests.xctest */ = {isa = PBXFileReference; explicitFileType = wrapper.cfbundle; includeInIndex = 0; path = r5xTests.xctest; sourceTree = BUILT_PRODUCTS_DIR; };
		C9F21E0625D8F5C200E8A8D3 /* r5xTests.swift */ = {isa = PBXFileReference; lastKnownFileType = sourcecode.swift; path = r5xTests.swift; sourceTree = "<group>"; };
		C9F21E0825D8F5C200E8A8D3 /* Info.plist */ = {isa = PBXFileReference; lastKnownFileType = text.plist.xml; path = Info.plist; sourceTree = "<group>"; };
		C9F21E0D25D8F5C200E8A8D3 /* r5xUITests.xctest */ = {isa = PBXFileReference; explicitFileType = wrapper.cfbundle; includeInIndex = 0; path = r5xUITests.xctest; sourceTree = BUILT_PRODUCTS_DIR; };
		C9F21E1125D8F5C200E8A8D3 /* r5xUITests.swift */ = {isa = PBXFileReference; lastKnownFileType = sourcecode.swift; path = r5xUITests.swift; sourceTree = "<group>"; };
		C9F21E1325D8F5C200E8A8D3 /* Info.plist */ = {isa = PBXFileReference; lastKnownFileType = text.plist.xml; path = Info.plist; sourceTree = "<group>"; };
		C9F21E2425D8F8F200E8A8D3 /* r5x.swift */ = {isa = PBXFileReference; lastKnownFileType = sourcecode.swift; path = r5x.swift; sourceTree = "<group>"; };
		C9F21E3125D8FA5E00E8A8D3 /* With.swift */ = {isa = PBXFileReference; lastKnownFileType = sourcecode.swift; path = With.swift; sourceTree = "<group>"; };
		C9F21E4425D8FCFC00E8A8D3 /* r5x+UIKit.swift */ = {isa = PBXFileReference; lastKnownFileType = sourcecode.swift; path = "r5x+UIKit.swift"; sourceTree = "<group>"; };
		C9F21E4C25D900BA00E8A8D3 /* UIView+Extensions.swift */ = {isa = PBXFileReference; lastKnownFileType = sourcecode.swift; path = "UIView+Extensions.swift"; sourceTree = "<group>"; };
/* End PBXFileReference section */

/* Begin PBXFrameworksBuildPhase section */
		C9F21DE925D8F5BF00E8A8D3 /* Frameworks */ = {
			isa = PBXFrameworksBuildPhase;
			buildActionMask = 2147483647;
			files = (
			);
			runOnlyForDeploymentPostprocessing = 0;
		};
		C9F21DFF25D8F5C200E8A8D3 /* Frameworks */ = {
			isa = PBXFrameworksBuildPhase;
			buildActionMask = 2147483647;
			files = (
			);
			runOnlyForDeploymentPostprocessing = 0;
		};
		C9F21E0A25D8F5C200E8A8D3 /* Frameworks */ = {
			isa = PBXFrameworksBuildPhase;
			buildActionMask = 2147483647;
			files = (
			);
			runOnlyForDeploymentPostprocessing = 0;
		};
/* End PBXFrameworksBuildPhase section */

/* Begin PBXGroup section */
		C9F21DE325D8F5BF00E8A8D3 = {
			isa = PBXGroup;
			children = (
				C9F21E3125D8FA5E00E8A8D3 /* With.swift */,
				C9F21E2425D8F8F200E8A8D3 /* r5x.swift */,
				C9F21E4425D8FCFC00E8A8D3 /* r5x+UIKit.swift */,
				C9F21E4C25D900BA00E8A8D3 /* UIView+Extensions.swift */,
				C9F21DEE25D8F5BF00E8A8D3 /* r5x */,
				C9F21E0525D8F5C200E8A8D3 /* r5xTests */,
				C9F21E1025D8F5C200E8A8D3 /* r5xUITests */,
				C9F21DED25D8F5BF00E8A8D3 /* Products */,
			);
			sourceTree = "<group>";
		};
		C9F21DED25D8F5BF00E8A8D3 /* Products */ = {
			isa = PBXGroup;
			children = (
				C9F21DEC25D8F5BF00E8A8D3 /* r5x.app */,
				C9F21E0225D8F5C200E8A8D3 /* r5xTests.xctest */,
				C9F21E0D25D8F5C200E8A8D3 /* r5xUITests.xctest */,
			);
			name = Products;
			sourceTree = "<group>";
		};
		C9F21DEE25D8F5BF00E8A8D3 /* r5x */ = {
			isa = PBXGroup;
			children = (
				C9F21DEF25D8F5BF00E8A8D3 /* AppDelegate.swift */,
				C9F21DF125D8F5BF00E8A8D3 /* SceneDelegate.swift */,
				C9F21DF325D8F5BF00E8A8D3 /* ViewController.swift */,
				C9F21DF525D8F5BF00E8A8D3 /* Main.storyboard */,
				C9F21DF825D8F5C200E8A8D3 /* Assets.xcassets */,
				C9F21DFA25D8F5C200E8A8D3 /* LaunchScreen.storyboard */,
				C9F21DFD25D8F5C200E8A8D3 /* Info.plist */,
			);
			path = r5x;
			sourceTree = "<group>";
		};
		C9F21E0525D8F5C200E8A8D3 /* r5xTests */ = {
			isa = PBXGroup;
			children = (
				C9F21E0625D8F5C200E8A8D3 /* r5xTests.swift */,
				C9F21E0825D8F5C200E8A8D3 /* Info.plist */,
			);
			path = r5xTests;
			sourceTree = "<group>";
		};
		C9F21E1025D8F5C200E8A8D3 /* r5xUITests */ = {
			isa = PBXGroup;
			children = (
				C9F21E1125D8F5C200E8A8D3 /* r5xUITests.swift */,
				C9F21E1325D8F5C200E8A8D3 /* Info.plist */,
			);
			path = r5xUITests;
			sourceTree = "<group>";
		};
/* End PBXGroup section */

/* Begin PBXNativeTarget section */
		C9F21DEB25D8F5BF00E8A8D3 /* r5x */ = {
			isa = PBXNativeTarget;
			buildConfigurationList = C9F21E1625D8F5C200E8A8D3 /* Build configuration list for PBXNativeTarget "r5x" */;
			buildPhases = (
				C9F21DE825D8F5BF00E8A8D3 /* Sources */,
				C9F21DE925D8F5BF00E8A8D3 /* Frameworks */,
				C9F21DEA25D8F5BF00E8A8D3 /* Resources */,
			);
			buildRules = (
			);
			dependencies = (
			);
			name = r5x;
			productName = r5x;
			productReference = C9F21DEC25D8F5BF00E8A8D3 /* r5x.app */;
			productType = "com.apple.product-type.application";
		};
		C9F21E0125D8F5C200E8A8D3 /* r5xTests */ = {
			isa = PBXNativeTarget;
			buildConfigurationList = C9F21E1925D8F5C200E8A8D3 /* Build configuration list for PBXNativeTarget "r5xTests" */;
			buildPhases = (
				C9F21DFE25D8F5C200E8A8D3 /* Sources */,
				C9F21DFF25D8F5C200E8A8D3 /* Frameworks */,
				C9F21E0025D8F5C200E8A8D3 /* Resources */,
			);
			buildRules = (
			);
			dependencies = (
				C9F21E0425D8F5C200E8A8D3 /* PBXTargetDependency */,
			);
			name = r5xTests;
			productName = r5xTests;
			productReference = C9F21E0225D8F5C200E8A8D3 /* r5xTests.xctest */;
			productType = "com.apple.product-type.bundle.unit-test";
		};
		C9F21E0C25D8F5C200E8A8D3 /* r5xUITests */ = {
			isa = PBXNativeTarget;
			buildConfigurationList = C9F21E1C25D8F5C200E8A8D3 /* Build configuration list for PBXNativeTarget "r5xUITests" */;
			buildPhases = (
				C9F21E0925D8F5C200E8A8D3 /* Sources */,
				C9F21E0A25D8F5C200E8A8D3 /* Frameworks */,
				C9F21E0B25D8F5C200E8A8D3 /* Resources */,
			);
			buildRules = (
			);
			dependencies = (
				C9F21E0F25D8F5C200E8A8D3 /* PBXTargetDependency */,
			);
			name = r5xUITests;
			productName = r5xUITests;
			productReference = C9F21E0D25D8F5C200E8A8D3 /* r5xUITests.xctest */;
			productType = "com.apple.product-type.bundle.ui-testing";
		};
/* End PBXNativeTarget section */

/* Begin PBXProject section */
		C9F21DE425D8F5BF00E8A8D3 /* Project object */ = {
			isa = PBXProject;
			attributes = {
				LastSwiftUpdateCheck = 1240;
				LastUpgradeCheck = 1240;
				TargetAttributes = {
					C9F21DEB25D8F5BF00E8A8D3 = {
						CreatedOnToolsVersion = 12.4;
					};
					C9F21E0125D8F5C200E8A8D3 = {
						CreatedOnToolsVersion = 12.4;
						TestTargetID = C9F21DEB25D8F5BF00E8A8D3;
					};
					C9F21E0C25D8F5C200E8A8D3 = {
						CreatedOnToolsVersion = 12.4;
						TestTargetID = C9F21DEB25D8F5BF00E8A8D3;
					};
				};
			};
			buildConfigurationList = C9F21DE725D8F5BF00E8A8D3 /* Build configuration list for PBXProject "r5x" */;
			compatibilityVersion = "Xcode 9.3";
			developmentRegion = en;
			hasScannedForEncodings = 0;
			knownRegions = (
				en,
				Base,
			);
			mainGroup = C9F21DE325D8F5BF00E8A8D3;
			productRefGroup = C9F21DED25D8F5BF00E8A8D3 /* Products */;
			projectDirPath = "";
			projectRoot = "";
			targets = (
				C9F21DEB25D8F5BF00E8A8D3 /* r5x */,
				C9F21E0125D8F5C200E8A8D3 /* r5xTests */,
				C9F21E0C25D8F5C200E8A8D3 /* r5xUITests */,
			);
		};
/* End PBXProject section */

/* Begin PBXResourcesBuildPhase section */
		C9F21DEA25D8F5BF00E8A8D3 /* Resources */ = {
			isa = PBXResourcesBuildPhase;
			buildActionMask = 2147483647;
			files = (
				C9F21DFC25D8F5C200E8A8D3 /* LaunchScreen.storyboard in Resources */,
				C9F21DF925D8F5C200E8A8D3 /* Assets.xcassets in Resources */,
				C9F21DF725D8F5BF00E8A8D3 /* Main.storyboard in Resources */,
			);
			runOnlyForDeploymentPostprocessing = 0;
		};
		C9F21E0025D8F5C200E8A8D3 /* Resources */ = {
			isa = PBXResourcesBuildPhase;
			buildActionMask = 2147483647;
			files = (
			);
			runOnlyForDeploymentPostprocessing = 0;
		};
		C9F21E0B25D8F5C200E8A8D3 /* Resources */ = {
			isa = PBXResourcesBuildPhase;
			buildActionMask = 2147483647;
			files = (
			);
			runOnlyForDeploymentPostprocessing = 0;
		};
/* End PBXResourcesBuildPhase section */

/* Begin PBXSourcesBuildPhase section */
		C9F21DE825D8F5BF00E8A8D3 /* Sources */ = {
			isa = PBXSourcesBuildPhase;
			buildActionMask = 2147483647;
			files = (
				C9F21E4D25D900BA00E8A8D3 /* UIView+Extensions.swift in Sources */,
				C9F21E3225D8FA5E00E8A8D3 /* With.swift in Sources */,
				C9F21DF425D8F5BF00E8A8D3 /* ViewController.swift in Sources */,
				C9F21E4525D8FCFC00E8A8D3 /* r5x+UIKit.swift in Sources */,
				C9F21DF025D8F5BF00E8A8D3 /* AppDelegate.swift in Sources */,
				C9F21DF225D8F5BF00E8A8D3 /* SceneDelegate.swift in Sources */,
				C9F21E2525D8F8F200E8A8D3 /* r5x.swift in Sources */,
			);
			runOnlyForDeploymentPostprocessing = 0;
		};
		C9F21DFE25D8F5C200E8A8D3 /* Sources */ = {
			isa = PBXSourcesBuildPhase;
			buildActionMask = 2147483647;
			files = (
				C9F21E0725D8F5C200E8A8D3 /* r5xTests.swift in Sources */,
			);
			runOnlyForDeploymentPostprocessing = 0;
		};
		C9F21E0925D8F5C200E8A8D3 /* Sources */ = {
			isa = PBXSourcesBuildPhase;
			buildActionMask = 2147483647;
			files = (
				C9F21E1225D8F5C200E8A8D3 /* r5xUITests.swift in Sources */,
			);
			runOnlyForDeploymentPostprocessing = 0;
		};
/* End PBXSourcesBuildPhase section */

/* Begin PBXTargetDependency section */
		C9F21E0425D8F5C200E8A8D3 /* PBXTargetDependency */ = {
			isa = PBXTargetDependency;
			target = C9F21DEB25D8F5BF00E8A8D3 /* r5x */;
			targetProxy = C9F21E0325D8F5C200E8A8D3 /* PBXContainerItemProxy */;
		};
		C9F21E0F25D8F5C200E8A8D3 /* PBXTargetDependency */ = {
			isa = PBXTargetDependency;
			target = C9F21DEB25D8F5BF00E8A8D3 /* r5x */;
			targetProxy = C9F21E0E25D8F5C200E8A8D3 /* PBXContainerItemProxy */;
		};
/* End PBXTargetDependency section */

/* Begin PBXVariantGroup section */
		C9F21DF525D8F5BF00E8A8D3 /* Main.storyboard */ = {
			isa = PBXVariantGroup;
			children = (
				C9F21DF625D8F5BF00E8A8D3 /* Base */,
			);
			name = Main.storyboard;
			sourceTree = "<group>";
		};
		C9F21DFA25D8F5C200E8A8D3 /* LaunchScreen.storyboard */ = {
			isa = PBXVariantGroup;
			children = (
				C9F21DFB25D8F5C200E8A8D3 /* Base */,
			);
			name = LaunchScreen.storyboard;
			sourceTree = "<group>";
		};
/* End PBXVariantGroup section */

/* Begin XCBuildConfiguration section */
		C9F21E1425D8F5C200E8A8D3 /* Debug */ = {
			isa = XCBuildConfiguration;
			buildSettings = {
				ALWAYS_SEARCH_USER_PATHS = NO;
				CLANG_ANALYZER_NONNULL = YES;
				CLANG_ANALYZER_NUMBER_OBJECT_CONVERSION = YES_AGGRESSIVE;
				CLANG_CXX_LANGUAGE_STANDARD = "gnu++14";
				CLANG_CXX_LIBRARY = "libc++";
				CLANG_ENABLE_MODULES = YES;
				CLANG_ENABLE_OBJC_ARC = YES;
				CLANG_ENABLE_OBJC_WEAK = YES;
				CLANG_WARN_BLOCK_CAPTURE_AUTORELEASING = YES;
				CLANG_WARN_BOOL_CONVERSION = YES;
				CLANG_WARN_COMMA = YES;
				CLANG_WARN_CONSTANT_CONVERSION = YES;
				CLANG_WARN_DEPRECATED_OBJC_IMPLEMENTATIONS = YES;
				CLANG_WARN_DIRECT_OBJC_ISA_USAGE = YES_ERROR;
				CLANG_WARN_DOCUMENTATION_COMMENTS = YES;
				CLANG_WARN_EMPTY_BODY = YES;
				CLANG_WARN_ENUM_CONVERSION = YES;
				CLANG_WARN_INFINITE_RECURSION = YES;
				CLANG_WARN_INT_CONVERSION = YES;
				CLANG_WARN_NON_LITERAL_NULL_CONVERSION = YES;
				CLANG_WARN_OBJC_IMPLICIT_RETAIN_SELF = YES;
				CLANG_WARN_OBJC_LITERAL_CONVERSION = YES;
				CLANG_WARN_OBJC_ROOT_CLASS = YES_ERROR;
				CLANG_WARN_QUOTED_INCLUDE_IN_FRAMEWORK_HEADER = YES;
				CLANG_WARN_RANGE_LOOP_ANALYSIS = YES;
				CLANG_WARN_STRICT_PROTOTYPES = YES;
				CLANG_WARN_SUSPICIOUS_MOVE = YES;
				CLANG_WARN_UNGUARDED_AVAILABILITY = YES_AGGRESSIVE;
				CLANG_WARN_UNREACHABLE_CODE = YES;
				CLANG_WARN__DUPLICATE_METHOD_MATCH = YES;
				COPY_PHASE_STRIP = NO;
				DEBUG_INFORMATION_FORMAT = dwarf;
				ENABLE_STRICT_OBJC_MSGSEND = YES;
				ENABLE_TESTABILITY = YES;
				GCC_C_LANGUAGE_STANDARD = gnu11;
				GCC_DYNAMIC_NO_PIC = NO;
				GCC_NO_COMMON_BLOCKS = YES;
				GCC_OPTIMIZATION_LEVEL = 0;
				GCC_PREPROCESSOR_DEFINITIONS = (
					"DEBUG=1",
					"$(inherited)",
				);
				GCC_WARN_64_TO_32_BIT_CONVERSION = YES;
				GCC_WARN_ABOUT_RETURN_TYPE = YES_ERROR;
				GCC_WARN_UNDECLARED_SELECTOR = YES;
				GCC_WARN_UNINITIALIZED_AUTOS = YES_AGGRESSIVE;
				GCC_WARN_UNUSED_FUNCTION = YES;
				GCC_WARN_UNUSED_VARIABLE = YES;
				IPHONEOS_DEPLOYMENT_TARGET = 14.4;
				MTL_ENABLE_DEBUG_INFO = INCLUDE_SOURCE;
				MTL_FAST_MATH = YES;
				ONLY_ACTIVE_ARCH = YES;
				SDKROOT = iphoneos;
				SWIFT_ACTIVE_COMPILATION_CONDITIONS = DEBUG;
				SWIFT_OPTIMIZATION_LEVEL = "-Onone";
			};
			name = Debug;
		};
		C9F21E1525D8F5C200E8A8D3 /* Release */ = {
			isa = XCBuildConfiguration;
			buildSettings = {
				ALWAYS_SEARCH_USER_PATHS = NO;
				CLANG_ANALYZER_NONNULL = YES;
				CLANG_ANALYZER_NUMBER_OBJECT_CONVERSION = YES_AGGRESSIVE;
				CLANG_CXX_LANGUAGE_STANDARD = "gnu++14";
				CLANG_CXX_LIBRARY = "libc++";
				CLANG_ENABLE_MODULES = YES;
				CLANG_ENABLE_OBJC_ARC = YES;
				CLANG_ENABLE_OBJC_WEAK = YES;
				CLANG_WARN_BLOCK_CAPTURE_AUTORELEASING = YES;
				CLANG_WARN_BOOL_CONVERSION = YES;
				CLANG_WARN_COMMA = YES;
				CLANG_WARN_CONSTANT_CONVERSION = YES;
				CLANG_WARN_DEPRECATED_OBJC_IMPLEMENTATIONS = YES;
				CLANG_WARN_DIRECT_OBJC_ISA_USAGE = YES_ERROR;
				CLANG_WARN_DOCUMENTATION_COMMENTS = YES;
				CLANG_WARN_EMPTY_BODY = YES;
				CLANG_WARN_ENUM_CONVERSION = YES;
				CLANG_WARN_INFINITE_RECURSION = YES;
				CLANG_WARN_INT_CONVERSION = YES;
				CLANG_WARN_NON_LITERAL_NULL_CONVERSION = YES;
				CLANG_WARN_OBJC_IMPLICIT_RETAIN_SELF = YES;
				CLANG_WARN_OBJC_LITERAL_CONVERSION = YES;
				CLANG_WARN_OBJC_ROOT_CLASS = YES_ERROR;
				CLANG_WARN_QUOTED_INCLUDE_IN_FRAMEWORK_HEADER = YES;
				CLANG_WARN_RANGE_LOOP_ANALYSIS = YES;
				CLANG_WARN_STRICT_PROTOTYPES = YES;
				CLANG_WARN_SUSPICIOUS_MOVE = YES;
				CLANG_WARN_UNGUARDED_AVAILABILITY = YES_AGGRESSIVE;
				CLANG_WARN_UNREACHABLE_CODE = YES;
				CLANG_WARN__DUPLICATE_METHOD_MATCH = YES;
				COPY_PHASE_STRIP = NO;
				DEBUG_INFORMATION_FORMAT = "dwarf-with-dsym";
				ENABLE_NS_ASSERTIONS = NO;
				ENABLE_STRICT_OBJC_MSGSEND = YES;
				GCC_C_LANGUAGE_STANDARD = gnu11;
				GCC_NO_COMMON_BLOCKS = YES;
				GCC_WARN_64_TO_32_BIT_CONVERSION = YES;
				GCC_WARN_ABOUT_RETURN_TYPE = YES_ERROR;
				GCC_WARN_UNDECLARED_SELECTOR = YES;
				GCC_WARN_UNINITIALIZED_AUTOS = YES_AGGRESSIVE;
				GCC_WARN_UNUSED_FUNCTION = YES;
				GCC_WARN_UNUSED_VARIABLE = YES;
				IPHONEOS_DEPLOYMENT_TARGET = 14.4;
				MTL_ENABLE_DEBUG_INFO = NO;
				MTL_FAST_MATH = YES;
				SDKROOT = iphoneos;
				SWIFT_COMPILATION_MODE = wholemodule;
				SWIFT_OPTIMIZATION_LEVEL = "-O";
				VALIDATE_PRODUCT = YES;
			};
			name = Release;
		};
		C9F21E1725D8F5C200E8A8D3 /* Debug */ = {
			isa = XCBuildConfiguration;
			buildSettings = {
				ASSETCATALOG_COMPILER_APPICON_NAME = AppIcon;
				ASSETCATALOG_COMPILER_GLOBAL_ACCENT_COLOR_NAME = AccentColor;
				CODE_SIGN_STYLE = Automatic;
				DEVELOPMENT_TEAM = VG3U92V3R7;
				INFOPLIST_FILE = r5x/Info.plist;
				LD_RUNPATH_SEARCH_PATHS = (
					"$(inherited)",
					"@executable_path/Frameworks",
				);
				PRODUCT_BUNDLE_IDENTIFIER = me.beshara.r5x;
				PRODUCT_NAME = "$(TARGET_NAME)";
				SWIFT_VERSION = 5.0;
				TARGETED_DEVICE_FAMILY = "1,2";
			};
			name = Debug;
		};
		C9F21E1825D8F5C200E8A8D3 /* Release */ = {
			isa = XCBuildConfiguration;
			buildSettings = {
				ASSETCATALOG_COMPILER_APPICON_NAME = AppIcon;
				ASSETCATALOG_COMPILER_GLOBAL_ACCENT_COLOR_NAME = AccentColor;
				CODE_SIGN_STYLE = Automatic;
				DEVELOPMENT_TEAM = VG3U92V3R7;
				INFOPLIST_FILE = r5x/Info.plist;
				LD_RUNPATH_SEARCH_PATHS = (
					"$(inherited)",
					"@executable_path/Frameworks",
				);
				PRODUCT_BUNDLE_IDENTIFIER = me.beshara.r5x;
				PRODUCT_NAME = "$(TARGET_NAME)";
				SWIFT_VERSION = 5.0;
				TARGETED_DEVICE_FAMILY = "1,2";
			};
			name = Release;
		};
		C9F21E1A25D8F5C200E8A8D3 /* Debug */ = {
			isa = XCBuildConfiguration;
			buildSettings = {
				ALWAYS_EMBED_SWIFT_STANDARD_LIBRARIES = YES;
				BUNDLE_LOADER = "$(TEST_HOST)";
				CODE_SIGN_STYLE = Automatic;
				DEVELOPMENT_TEAM = VG3U92V3R7;
				INFOPLIST_FILE = r5xTests/Info.plist;
				IPHONEOS_DEPLOYMENT_TARGET = 14.4;
				LD_RUNPATH_SEARCH_PATHS = (
					"$(inherited)",
					"@executable_path/Frameworks",
					"@loader_path/Frameworks",
				);
				PRODUCT_BUNDLE_IDENTIFIER = me.beshara.r5xTests;
				PRODUCT_NAME = "$(TARGET_NAME)";
				SWIFT_VERSION = 5.0;
				TARGETED_DEVICE_FAMILY = "1,2";
				TEST_HOST = "$(BUILT_PRODUCTS_DIR)/r5x.app/r5x";
			};
			name = Debug;
		};
		C9F21E1B25D8F5C200E8A8D3 /* Release */ = {
			isa = XCBuildConfiguration;
			buildSettings = {
				ALWAYS_EMBED_SWIFT_STANDARD_LIBRARIES = YES;
				BUNDLE_LOADER = "$(TEST_HOST)";
				CODE_SIGN_STYLE = Automatic;
				DEVELOPMENT_TEAM = VG3U92V3R7;
				INFOPLIST_FILE = r5xTests/Info.plist;
				IPHONEOS_DEPLOYMENT_TARGET = 14.4;
				LD_RUNPATH_SEARCH_PATHS = (
					"$(inherited)",
					"@executable_path/Frameworks",
					"@loader_path/Frameworks",
				);
				PRODUCT_BUNDLE_IDENTIFIER = me.beshara.r5xTests;
				PRODUCT_NAME = "$(TARGET_NAME)";
				SWIFT_VERSION = 5.0;
				TARGETED_DEVICE_FAMILY = "1,2";
				TEST_HOST = "$(BUILT_PRODUCTS_DIR)/r5x.app/r5x";
			};
			name = Release;
		};
		C9F21E1D25D8F5C200E8A8D3 /* Debug */ = {
			isa = XCBuildConfiguration;
			buildSettings = {
				ALWAYS_EMBED_SWIFT_STANDARD_LIBRARIES = YES;
				CODE_SIGN_STYLE = Automatic;
				DEVELOPMENT_TEAM = VG3U92V3R7;
				INFOPLIST_FILE = r5xUITests/Info.plist;
				LD_RUNPATH_SEARCH_PATHS = (
					"$(inherited)",
					"@executable_path/Frameworks",
					"@loader_path/Frameworks",
				);
				PRODUCT_BUNDLE_IDENTIFIER = me.beshara.r5xUITests;
				PRODUCT_NAME = "$(TARGET_NAME)";
				SWIFT_VERSION = 5.0;
				TARGETED_DEVICE_FAMILY = "1,2";
				TEST_TARGET_NAME = r5x;
			};
			name = Debug;
		};
		C9F21E1E25D8F5C200E8A8D3 /* Release */ = {
			isa = XCBuildConfiguration;
			buildSettings = {
				ALWAYS_EMBED_SWIFT_STANDARD_LIBRARIES = YES;
				CODE_SIGN_STYLE = Automatic;
				DEVELOPMENT_TEAM = VG3U92V3R7;
				INFOPLIST_FILE = r5xUITests/Info.plist;
				LD_RUNPATH_SEARCH_PATHS = (
					"$(inherited)",
					"@executable_path/Frameworks",
					"@loader_path/Frameworks",
				);
				PRODUCT_BUNDLE_IDENTIFIER = me.beshara.r5xUITests;
				PRODUCT_NAME = "$(TARGET_NAME)";
				SWIFT_VERSION = 5.0;
				TARGETED_DEVICE_FAMILY = "1,2";
				TEST_TARGET_NAME = r5x;
			};
			name = Release;
		};
/* End XCBuildConfiguration section */

/* Begin XCConfigurationList section */
		C9F21DE725D8F5BF00E8A8D3 /* Build configuration list for PBXProject "r5x" */ = {
			isa = XCConfigurationList;
			buildConfigurations = (
				C9F21E1425D8F5C200E8A8D3 /* Debug */,
				C9F21E1525D8F5C200E8A8D3 /* Release */,
			);
			defaultConfigurationIsVisible = 0;
			defaultConfigurationName = Release;
		};
		C9F21E1625D8F5C200E8A8D3 /* Build configuration list for PBXNativeTarget "r5x" */ = {
			isa = XCConfigurationList;
			buildConfigurations = (
				C9F21E1725D8F5C200E8A8D3 /* Debug */,
				C9F21E1825D8F5C200E8A8D3 /* Release */,
			);
			defaultConfigurationIsVisible = 0;
			defaultConfigurationName = Release;
		};
		C9F21E1925D8F5C200E8A8D3 /* Build configuration list for PBXNativeTarget "r5xTests" */ = {
			isa = XCConfigurationList;
			buildConfigurations = (
				C9F21E1A25D8F5C200E8A8D3 /* Debug */,
				C9F21E1B25D8F5C200E8A8D3 /* Release */,
			);
			defaultConfigurationIsVisible = 0;
			defaultConfigurationName = Release;
		};
		C9F21E1C25D8F5C200E8A8D3 /* Build configuration list for PBXNativeTarget "r5xUITests" */ = {
			isa = XCConfigurationList;
			buildConfigurations = (
				C9F21E1D25D8F5C200E8A8D3 /* Debug */,
				C9F21E1E25D8F5C200E8A8D3 /* Release */,
			);
			defaultConfigurationIsVisible = 0;
			defaultConfigurationName = Release;
		};
/* End XCConfigurationList section */
	};
	rootObject = C9F21DE425D8F5BF00E8A8D3 /* Project object */;
}
